
Microsoft Visual Studio Solution File, Format Version 12.00
# Visual Studio 15
VisualStudioVersion = 15.0.28307.757
MinimumVisualStudioVersion = 10.0.40219.1
Project("{FAE04EC0-301F-11D3-BF4B-00C04F79EFBC}") = "SignalRSample", "SignalRSample\SignalRSample.csproj", "{DA18F82D-5CB9-490A-845B-C0A4D56C6F4B}"
EndProject
Global
	GlobalSection(SolutionConfigurationPlatforms) = preSolution
		Debug|Any CPU = Debug|Any CPU
		Release|Any CPU = Release|Any CPU
	EndGlobalSection
	GlobalSection(ProjectConfigurationPlatforms) = postSolution
		{DA18F82D-5CB9-490A-845B-C0A4D56C6F4B}.Debug|Any CPU.ActiveCfg = Debug|Any CPU
		{DA18F82D-5CB9-490A-845B-C0A4D56C6F4B}.Debug|Any CPU.Build.0 = Debug|Any CPU
		{DA18F82D-5CB9-490A-845B-C0A4D56C6F4B}.Release|Any CPU.ActiveCfg = Release|Any CPU
		{DA18F82D-5CB9-490A-845B-C0A4D56C6F4B}.Release|Any CPU.Build.0 = Release|Any CPU
	EndGlobalSection
	GlobalSection(SolutionProperties) = preSolution
		HideSolutionNode = FALSE
	EndGlobalSection
	GlobalSection(ExtensibilityGlobals) = postSolution
		SolutionGuid = {4FC00C2E-8B3E-420D-B306-F5F18E579F41}
	EndGlobalSection
EndGlobal
